
Microsoft Visual Studio Solution File, Format Version 12.00
# Visual Studio 14
VisualStudioVersion = 14.0.25420.1
MinimumVisualStudioVersion = 10.0.40219.1
Project("{FAE04EC0-301F-11D3-BF4B-00C04F79EFBC}") = "SolidarnieWebApp", "SolidarnieWebApp\SolidarnieWebApp.csproj", "{8CD4D534-E0EB-442C-93F5-13732D572112}"
EndProject
Project("{FAE04EC0-301F-11D3-BF4B-00C04F79EFBC}") = "Kruchy.Uzytkownicy", "Kruchy.Uzytkownicy\Kruchy.Uzytkownicy.csproj", "{EC0CBE27-C96D-4EDD-B59D-2BA73324F67D}"
EndProject
Project("{2150E333-8FDC-42A3-9474-1A3956D46DE8}") = "Tests", "Tests", "{DC29015C-A993-42C1-B465-B5E5BEE3292A}"
EndProject
Project("{FAE04EC0-301F-11D3-BF4B-00C04F79EFBC}") = "Kruchy.Uzytkownicy.Tests", "Kruchy.Uzytkownicy.Tests\Kruchy.Uzytkownicy.Tests.csproj", "{1B19C840-6F8A-4451-BBB6-D79449FB3FFC}"
EndProject
Project("{FAE04EC0-301F-11D3-BF4B-00C04F79EFBC}") = "Kruchy.NInject.Adapter", "Kruchy.NInject.Adapter\Kruchy.NInject.Adapter.csproj", "{1B0AEB6D-5452-4B4D-AA62-70B83740E6F6}"
EndProject
Project("{FAE04EC0-301F-11D3-BF4B-00C04F79EFBC}") = "Kruchy.NHibernate", "Kruchy.NHibernate\Kruchy.NHibernate.csproj", "{BBF4F787-0D49-477E-B857-556D87C6E305}"
EndProject
Project("{2150E333-8FDC-42A3-9474-1A3956D46DE8}") = "Infrastruktura", "Infrastruktura", "{44FBD7CC-A53B-40FE-A2AB-2D01D7D85A7A}"
EndProject
Project("{FAE04EC0-301F-11D3-BF4B-00C04F79EFBC}") = "Kruchy.Model.DataTypes", "Kruchy.Model.DataTypes\Kruchy.Model.DataTypes.csproj", "{58E70E0E-B135-4D4A-9AA9-A56911739859}"
EndProject
Project("{2150E333-8FDC-42A3-9474-1A3956D46DE8}") = "Tests", "Tests", "{05F581C0-148E-49CA-9143-4DB81F4F2895}"
EndProject
Project("{FAE04EC0-301F-11D3-BF4B-00C04F79EFBC}") = "Kruchy.Model.DataTypes.Tests", "Kruchy.Model.DataTypes.Tests\Kruchy.Model.DataTypes.Tests.csproj", "{FFAF78CB-1DE0-465B-8BA8-ECA9EF899A72}"
EndProject
Project("{FAE04EC0-301F-11D3-BF4B-00C04F79EFBC}") = "Kruchy.Testy", "Kruchy.Testy\Kruchy.Testy.csproj", "{7FCC347B-5B00-4263-A236-918AC927AFF8}"
EndProject
Project("{FAE04EC0-301F-11D3-BF4B-00C04F79EFBC}") = "Kruchy.Zakupy", "Kruchy.Zakupy\Kruchy.Zakupy.csproj", "{6F242181-679C-464E-8E3D-CCBF9B26D2D2}"
EndProject
Global
	GlobalSection(SolutionConfigurationPlatforms) = preSolution
		Debug|Any CPU = Debug|Any CPU
		Debug|x64 = Debug|x64
		Release|Any CPU = Release|Any CPU
		Release|x64 = Release|x64
	EndGlobalSection
	GlobalSection(ProjectConfigurationPlatforms) = postSolution
		{8CD4D534-E0EB-442C-93F5-13732D572112}.Debug|Any CPU.ActiveCfg = Debug|Any CPU
		{8CD4D534-E0EB-442C-93F5-13732D572112}.Debug|Any CPU.Build.0 = Debug|Any CPU
		{8CD4D534-E0EB-442C-93F5-13732D572112}.Debug|x64.ActiveCfg = Debug|x64
		{8CD4D534-E0EB-442C-93F5-13732D572112}.Debug|x64.Build.0 = Debug|x64
		{8CD4D534-E0EB-442C-93F5-13732D572112}.Release|Any CPU.ActiveCfg = Release|Any CPU
		{8CD4D534-E0EB-442C-93F5-13732D572112}.Release|Any CPU.Build.0 = Release|Any CPU
		{8CD4D534-E0EB-442C-93F5-13732D572112}.Release|x64.ActiveCfg = Release|x64
		{8CD4D534-E0EB-442C-93F5-13732D572112}.Release|x64.Build.0 = Release|x64
		{EC0CBE27-C96D-4EDD-B59D-2BA73324F67D}.Debug|Any CPU.ActiveCfg = Debug|Any CPU
		{EC0CBE27-C96D-4EDD-B59D-2BA73324F67D}.Debug|Any CPU.Build.0 = Debug|Any CPU
		{EC0CBE27-C96D-4EDD-B59D-2BA73324F67D}.Debug|x64.ActiveCfg = Debug|x64
		{EC0CBE27-C96D-4EDD-B59D-2BA73324F67D}.Debug|x64.Build.0 = Debug|x64
		{EC0CBE27-C96D-4EDD-B59D-2BA73324F67D}.Release|Any CPU.ActiveCfg = Release|Any CPU
		{EC0CBE27-C96D-4EDD-B59D-2BA73324F67D}.Release|Any CPU.Build.0 = Release|Any CPU
		{EC0CBE27-C96D-4EDD-B59D-2BA73324F67D}.Release|x64.ActiveCfg = Release|x64
		{EC0CBE27-C96D-4EDD-B59D-2BA73324F67D}.Release|x64.Build.0 = Release|x64
		{1B19C840-6F8A-4451-BBB6-D79449FB3FFC}.Debug|Any CPU.ActiveCfg = Debug|Any CPU
		{1B19C840-6F8A-4451-BBB6-D79449FB3FFC}.Debug|Any CPU.Build.0 = Debug|Any CPU
		{1B19C840-6F8A-4451-BBB6-D79449FB3FFC}.Debug|x64.ActiveCfg = Debug|x64
		{1B19C840-6F8A-4451-BBB6-D79449FB3FFC}.Debug|x64.Build.0 = Debug|x64
		{1B19C840-6F8A-4451-BBB6-D79449FB3FFC}.Release|Any CPU.ActiveCfg = Release|Any CPU
		{1B19C840-6F8A-4451-BBB6-D79449FB3FFC}.Release|Any CPU.Build.0 = Release|Any CPU
		{1B19C840-6F8A-4451-BBB6-D79449FB3FFC}.Release|x64.ActiveCfg = Release|x64
		{1B19C840-6F8A-4451-BBB6-D79449FB3FFC}.Release|x64.Build.0 = Release|x64
		{1B0AEB6D-5452-4B4D-AA62-70B83740E6F6}.Debug|Any CPU.ActiveCfg = Debug|Any CPU
		{1B0AEB6D-5452-4B4D-AA62-70B83740E6F6}.Debug|Any CPU.Build.0 = Debug|Any CPU
		{1B0AEB6D-5452-4B4D-AA62-70B83740E6F6}.Debug|x64.ActiveCfg = Debug|x64
		{1B0AEB6D-5452-4B4D-AA62-70B83740E6F6}.Debug|x64.Build.0 = Debug|x64
		{1B0AEB6D-5452-4B4D-AA62-70B83740E6F6}.Release|Any CPU.ActiveCfg = Release|Any CPU
		{1B0AEB6D-5452-4B4D-AA62-70B83740E6F6}.Release|Any CPU.Build.0 = Release|Any CPU
		{1B0AEB6D-5452-4B4D-AA62-70B83740E6F6}.Release|x64.ActiveCfg = Release|x64
		{1B0AEB6D-5452-4B4D-AA62-70B83740E6F6}.Release|x64.Build.0 = Release|x64
		{BBF4F787-0D49-477E-B857-556D87C6E305}.Debug|Any CPU.ActiveCfg = Debug|Any CPU
		{BBF4F787-0D49-477E-B857-556D87C6E305}.Debug|Any CPU.Build.0 = Debug|Any CPU
		{BBF4F787-0D49-477E-B857-556D87C6E305}.Debug|x64.ActiveCfg = Debug|x64
		{BBF4F787-0D49-477E-B857-556D87C6E305}.Debug|x64.Build.0 = Debug|x64
		{BBF4F787-0D49-477E-B857-556D87C6E305}.Release|Any CPU.ActiveCfg = Release|Any CPU
		{BBF4F787-0D49-477E-B857-556D87C6E305}.Release|Any CPU.Build.0 = Release|Any CPU
		{BBF4F787-0D49-477E-B857-556D87C6E305}.Release|x64.ActiveCfg = Release|Any CPU
		{BBF4F787-0D49-477E-B857-556D87C6E305}.Release|x64.Build.0 = Release|Any CPU
		{58E70E0E-B135-4D4A-9AA9-A56911739859}.Debug|Any CPU.ActiveCfg = Debug|Any CPU
		{58E70E0E-B135-4D4A-9AA9-A56911739859}.Debug|Any CPU.Build.0 = Debug|Any CPU
		{58E70E0E-B135-4D4A-9AA9-A56911739859}.Debug|x64.ActiveCfg = Debug|x64
		{58E70E0E-B135-4D4A-9AA9-A56911739859}.Debug|x64.Build.0 = Debug|x64
		{58E70E0E-B135-4D4A-9AA9-A56911739859}.Release|Any CPU.ActiveCfg = Release|Any CPU
		{58E70E0E-B135-4D4A-9AA9-A56911739859}.Release|Any CPU.Build.0 = Release|Any CPU
		{58E70E0E-B135-4D4A-9AA9-A56911739859}.Release|x64.ActiveCfg = Release|Any CPU
		{58E70E0E-B135-4D4A-9AA9-A56911739859}.Release|x64.Build.0 = Release|Any CPU
		{FFAF78CB-1DE0-465B-8BA8-ECA9EF899A72}.Debug|Any CPU.ActiveCfg = Debug|Any CPU
		{FFAF78CB-1DE0-465B-8BA8-ECA9EF899A72}.Debug|Any CPU.Build.0 = Debug|Any CPU
		{FFAF78CB-1DE0-465B-8BA8-ECA9EF899A72}.Debug|x64.ActiveCfg = Debug|x64
		{FFAF78CB-1DE0-465B-8BA8-ECA9EF899A72}.Debug|x64.Build.0 = Debug|x64
		{FFAF78CB-1DE0-465B-8BA8-ECA9EF899A72}.Release|Any CPU.ActiveCfg = Release|Any CPU
		{FFAF78CB-1DE0-465B-8BA8-ECA9EF899A72}.Release|Any CPU.Build.0 = Release|Any CPU
		{FFAF78CB-1DE0-465B-8BA8-ECA9EF899A72}.Release|x64.ActiveCfg = Release|Any CPU
		{FFAF78CB-1DE0-465B-8BA8-ECA9EF899A72}.Release|x64.Build.0 = Release|Any CPU
		{7FCC347B-5B00-4263-A236-918AC927AFF8}.Debug|Any CPU.ActiveCfg = Debug|Any CPU
		{7FCC347B-5B00-4263-A236-918AC927AFF8}.Debug|Any CPU.Build.0 = Debug|Any CPU
		{7FCC347B-5B00-4263-A236-918AC927AFF8}.Debug|x64.ActiveCfg = Debug|x64
		{7FCC347B-5B00-4263-A236-918AC927AFF8}.Debug|x64.Build.0 = Debug|x64
		{7FCC347B-5B00-4263-A236-918AC927AFF8}.Release|Any CPU.ActiveCfg = Release|Any CPU
		{7FCC347B-5B00-4263-A236-918AC927AFF8}.Release|Any CPU.Build.0 = Release|Any CPU
		{7FCC347B-5B00-4263-A236-918AC927AFF8}.Release|x64.ActiveCfg = Release|Any CPU
		{7FCC347B-5B00-4263-A236-918AC927AFF8}.Release|x64.Build.0 = Release|Any CPU
		{6F242181-679C-464E-8E3D-CCBF9B26D2D2}.Debug|Any CPU.ActiveCfg = Debug|Any CPU
		{6F242181-679C-464E-8E3D-CCBF9B26D2D2}.Debug|Any CPU.Build.0 = Debug|Any CPU
		{6F242181-679C-464E-8E3D-CCBF9B26D2D2}.Debug|x64.ActiveCfg = Debug|Any CPU
		{6F242181-679C-464E-8E3D-CCBF9B26D2D2}.Debug|x64.Build.0 = Debug|Any CPU
		{6F242181-679C-464E-8E3D-CCBF9B26D2D2}.Release|Any CPU.ActiveCfg = Release|Any CPU
		{6F242181-679C-464E-8E3D-CCBF9B26D2D2}.Release|Any CPU.Build.0 = Release|Any CPU
		{6F242181-679C-464E-8E3D-CCBF9B26D2D2}.Release|x64.ActiveCfg = Release|Any CPU
		{6F242181-679C-464E-8E3D-CCBF9B26D2D2}.Release|x64.Build.0 = Release|Any CPU
	EndGlobalSection
	GlobalSection(SolutionProperties) = preSolution
		HideSolutionNode = FALSE
	EndGlobalSection
	GlobalSection(NestedProjects) = preSolution
		{1B19C840-6F8A-4451-BBB6-D79449FB3FFC} = {DC29015C-A993-42C1-B465-B5E5BEE3292A}
		{1B0AEB6D-5452-4B4D-AA62-70B83740E6F6} = {DC29015C-A993-42C1-B465-B5E5BEE3292A}
		{58E70E0E-B135-4D4A-9AA9-A56911739859} = {44FBD7CC-A53B-40FE-A2AB-2D01D7D85A7A}
		{05F581C0-148E-49CA-9143-4DB81F4F2895} = {44FBD7CC-A53B-40FE-A2AB-2D01D7D85A7A}
		{FFAF78CB-1DE0-465B-8BA8-ECA9EF899A72} = {05F581C0-148E-49CA-9143-4DB81F4F2895}
		{7FCC347B-5B00-4263-A236-918AC927AFF8} = {44FBD7CC-A53B-40FE-A2AB-2D01D7D85A7A}
	EndGlobalSection
EndGlobal
